
Microsoft Visual Studio Solution File, Format Version 12.00
# Visual Studio 15
VisualStudioVersion = 15.0.28307.106
MinimumVisualStudioVersion = 10.0.40219.1
Project("{4DF76451-A46A-4C0B-BE03-459FAAFA07E6}") = "RESO OUID Power BI Data Connector", "RESO OUID Power BI Data Connector\RESO OUID Power BI Data Connector.mproj", "{36ECB03F-EA17-4D71-B958-4CFCA3763B42}"
EndProject
Global
	GlobalSection(SolutionConfigurationPlatforms) = preSolution
		Debug|x86 = Debug|x86
		Release|x86 = Release|x86
	EndGlobalSection
	GlobalSection(ProjectConfigurationPlatforms) = postSolution
		{36ECB03F-EA17-4D71-B958-4CFCA3763B42}.Debug|x86.ActiveCfg = Debug|x86
		{36ECB03F-EA17-4D71-B958-4CFCA3763B42}.Debug|x86.Build.0 = Debug|x86
		{36ECB03F-EA17-4D71-B958-4CFCA3763B42}.Release|x86.ActiveCfg = Release|x86
		{36ECB03F-EA17-4D71-B958-4CFCA3763B42}.Release|x86.Build.0 = Release|x86
	EndGlobalSection
	GlobalSection(SolutionProperties) = preSolution
		HideSolutionNode = FALSE
	EndGlobalSection
	GlobalSection(ExtensibilityGlobals) = postSolution
		SolutionGuid = {9BE46BDC-A2C9-4B23-8E53-995A6595D563}
	EndGlobalSection
EndGlobal
